// !$*UTF8*$!
{
	archiveVersion = 1;
	classes = {
	};
	objectVersion = 50;
	objects = {

/* Begin PBXBuildFile section */
		642C494B20C7B1B7002E4C9F /* GFollowSlideGuideViewController.m in Sources */ = {isa = PBXBuildFile; fileRef = 642C494A20C7B1B7002E4C9F /* GFollowSlideGuideViewController.m */; };
		642C494F20C7B777002E4C9F /* GFollowSlideTableViewCell.m in Sources */ = {isa = PBXBuildFile; fileRef = 642C494E20C7B777002E4C9F /* GFollowSlideTableViewCell.m */; };
		6458D3BF20C4DEB3001C6D3D /* AppDelegate.m in Sources */ = {isa = PBXBuildFile; fileRef = 6458D3BE20C4DEB3001C6D3D /* AppDelegate.m */; };
		6458D3C220C4DEB3001C6D3D /* ViewController.m in Sources */ = {isa = PBXBuildFile; fileRef = 6458D3C120C4DEB3001C6D3D /* ViewController.m */; };
		6458D3C520C4DEB3001C6D3D /* Main.storyboard in Resources */ = {isa = PBXBuildFile; fileRef = 6458D3C320C4DEB3001C6D3D /* Main.storyboard */; };
		6458D3C720C4DEB5001C6D3D /* Assets.xcassets in Resources */ = {isa = PBXBuildFile; fileRef = 6458D3C620C4DEB5001C6D3D /* Assets.xcassets */; };
		6458D3CA20C4DEB5001C6D3D /* LaunchScreen.storyboard in Resources */ = {isa = PBXBuildFile; fileRef = 6458D3C820C4DEB5001C6D3D /* LaunchScreen.storyboard */; };
		6458D3CD20C4DEB5001C6D3D /* main.m in Sources */ = {isa = PBXBuildFile; fileRef = 6458D3CC20C4DEB5001C6D3D /* main.m */; };
		6458D3F820C50D74001C6D3D /* NextGuideViewController.m in Sources */ = {isa = PBXBuildFile; fileRef = 6458D3F720C50D74001C6D3D /* NextGuideViewController.m */; };
		647A21E320CE785F008EB3AE /* GFunctionalGuidanceViewUITests.m in Sources */ = {isa = PBXBuildFile; fileRef = 647A21E220CE785F008EB3AE /* GFunctionalGuidanceViewUITests.m */; };
		64B4C93620EB6ADC00A99F31 /* GFunctionalGuidanceView.m in Sources */ = {isa = PBXBuildFile; fileRef = 64B4C93520EB6ADC00A99F31 /* GFunctionalGuidanceView.m */; };
/* End PBXBuildFile section */

/* Begin PBXContainerItemProxy section */
		647A21E520CE785F008EB3AE /* PBXContainerItemProxy */ = {
			isa = PBXContainerItemProxy;
			containerPortal = 6458D3B220C4DEB3001C6D3D /* Project object */;
			proxyType = 1;
			remoteGlobalIDString = 6458D3B920C4DEB3001C6D3D;
			remoteInfo = GFunctionalGuidanceView;
		};
/* End PBXContainerItemProxy section */

/* Begin PBXFileReference section */
		642C494920C7B1B7002E4C9F /* GFollowSlideGuideViewController.h */ = {isa = PBXFileReference; lastKnownFileType = sourcecode.c.h; path = GFollowSlideGuideViewController.h; sourceTree = "<group>"; };
		642C494A20C7B1B7002E4C9F /* GFollowSlideGuideViewController.m */ = {isa = PBXFileReference; lastKnownFileType = sourcecode.c.objc; path = GFollowSlideGuideViewController.m; sourceTree = "<group>"; };
		642C494D20C7B777002E4C9F /* GFollowSlideTableViewCell.h */ = {isa = PBXFileReference; lastKnownFileType = sourcecode.c.h; path = GFollowSlideTableViewCell.h; sourceTree = "<group>"; };
		642C494E20C7B777002E4C9F /* GFollowSlideTableViewCell.m */ = {isa = PBXFileReference; lastKnownFileType = sourcecode.c.objc; path = GFollowSlideTableViewCell.m; sourceTree = "<group>"; };
		6458D3BA20C4DEB3001C6D3D /* GFunctionalGuidanceView.app */ = {isa = PBXFileReference; explicitFileType = wrapper.application; includeInIndex = 0; path = GFunctionalGuidanceView.app; sourceTree = BUILT_PRODUCTS_DIR; };
		6458D3BD20C4DEB3001C6D3D /* AppDelegate.h */ = {isa = PBXFileReference; lastKnownFileType = sourcecode.c.h; path = AppDelegate.h; sourceTree = "<group>"; };
		6458D3BE20C4DEB3001C6D3D /* AppDelegate.m */ = {isa = PBXFileReference; lastKnownFileType = sourcecode.c.objc; path = AppDelegate.m; sourceTree = "<group>"; };
		6458D3C020C4DEB3001C6D3D /* ViewController.h */ = {isa = PBXFileReference; lastKnownFileType = sourcecode.c.h; path = ViewController.h; sourceTree = "<group>"; };
		6458D3C120C4DEB3001C6D3D /* ViewController.m */ = {isa = PBXFileReference; lastKnownFileType = sourcecode.c.objc; path = ViewController.m; sourceTree = "<group>"; };
		6458D3C420C4DEB3001C6D3D /* Base */ = {isa = PBXFileReference; lastKnownFileType = file.storyboard; name = Base; path = Base.lproj/Main.storyboard; sourceTree = "<group>"; };
		6458D3C620C4DEB5001C6D3D /* Assets.xcassets */ = {isa = PBXFileReference; lastKnownFileType = folder.assetcatalog; path = Assets.xcassets; sourceTree = "<group>"; };
		6458D3C920C4DEB5001C6D3D /* Base */ = {isa = PBXFileReference; lastKnownFileType = file.storyboard; name = Base; path = Base.lproj/LaunchScreen.storyboard; sourceTree = "<group>"; };
		6458D3CB20C4DEB5001C6D3D /* Info.plist */ = {isa = PBXFileReference; lastKnownFileType = text.plist.xml; path = Info.plist; sourceTree = "<group>"; };
		6458D3CC20C4DEB5001C6D3D /* main.m */ = {isa = PBXFileReference; lastKnownFileType = sourcecode.c.objc; path = main.m; sourceTree = "<group>"; };
		6458D3F620C50D74001C6D3D /* NextGuideViewController.h */ = {isa = PBXFileReference; lastKnownFileType = sourcecode.c.h; path = NextGuideViewController.h; sourceTree = "<group>"; };
		6458D3F720C50D74001C6D3D /* NextGuideViewController.m */ = {isa = PBXFileReference; lastKnownFileType = sourcecode.c.objc; path = NextGuideViewController.m; sourceTree = "<group>"; };
		647A21E020CE785F008EB3AE /* GFunctionalGuidanceViewUITests.xctest */ = {isa = PBXFileReference; explicitFileType = wrapper.cfbundle; includeInIndex = 0; path = GFunctionalGuidanceViewUITests.xctest; sourceTree = BUILT_PRODUCTS_DIR; };
		647A21E220CE785F008EB3AE /* GFunctionalGuidanceViewUITests.m */ = {isa = PBXFileReference; lastKnownFileType = sourcecode.c.objc; path = GFunctionalGuidanceViewUITests.m; sourceTree = "<group>"; };
		647A21E420CE785F008EB3AE /* Info.plist */ = {isa = PBXFileReference; lastKnownFileType = text.plist.xml; path = Info.plist; sourceTree = "<group>"; };
		64B4C93420EB6ADC00A99F31 /* GFunctionalGuidanceView.h */ = {isa = PBXFileReference; fileEncoding = 4; lastKnownFileType = sourcecode.c.h; path = GFunctionalGuidanceView.h; sourceTree = "<group>"; };
		64B4C93520EB6ADC00A99F31 /* GFunctionalGuidanceView.m */ = {isa = PBXFileReference; fileEncoding = 4; lastKnownFileType = sourcecode.c.objc; path = GFunctionalGuidanceView.m; sourceTree = "<group>"; };
/* End PBXFileReference section */

/* Begin PBXFrameworksBuildPhase section */
		6458D3B720C4DEB3001C6D3D /* Frameworks */ = {
			isa = PBXFrameworksBuildPhase;
			buildActionMask = 2147483647;
			files = (
			);
			runOnlyForDeploymentPostprocessing = 0;
		};
		647A21DD20CE785F008EB3AE /* Frameworks */ = {
			isa = PBXFrameworksBuildPhase;
			buildActionMask = 2147483647;
			files = (
			);
			runOnlyForDeploymentPostprocessing = 0;
		};
/* End PBXFrameworksBuildPhase section */

/* Begin PBXGroup section */
		642C494C20C7B761002E4C9F /* View */ = {
			isa = PBXGroup;
			children = (
				642C494D20C7B777002E4C9F /* GFollowSlideTableViewCell.h */,
				642C494E20C7B777002E4C9F /* GFollowSlideTableViewCell.m */,
			);
			path = View;
			sourceTree = "<group>";
		};
		6458D3B120C4DEB3001C6D3D = {
			isa = PBXGroup;
			children = (
				6458D3BC20C4DEB3001C6D3D /* GFunctionalGuidanceView */,
				647A21E120CE785F008EB3AE /* GFunctionalGuidanceViewUITests */,
				6458D3BB20C4DEB3001C6D3D /* Products */,
			);
			sourceTree = "<group>";
		};
		6458D3BB20C4DEB3001C6D3D /* Products */ = {
			isa = PBXGroup;
			children = (
				6458D3BA20C4DEB3001C6D3D /* GFunctionalGuidanceView.app */,
				647A21E020CE785F008EB3AE /* GFunctionalGuidanceViewUITests.xctest */,
			);
			name = Products;
			sourceTree = "<group>";
		};
		6458D3BC20C4DEB3001C6D3D /* GFunctionalGuidanceView */ = {
			isa = PBXGroup;
			children = (
				6458D3EF20C4E15E001C6D3D /* FunctionalGuidanceView */,
				6458D3BD20C4DEB3001C6D3D /* AppDelegate.h */,
				6458D3BE20C4DEB3001C6D3D /* AppDelegate.m */,
				6458D3C020C4DEB3001C6D3D /* ViewController.h */,
				6458D3C120C4DEB3001C6D3D /* ViewController.m */,
				6458D3F620C50D74001C6D3D /* NextGuideViewController.h */,
				6458D3F720C50D74001C6D3D /* NextGuideViewController.m */,
				642C494920C7B1B7002E4C9F /* GFollowSlideGuideViewController.h */,
				642C494A20C7B1B7002E4C9F /* GFollowSlideGuideViewController.m */,
				642C494C20C7B761002E4C9F /* View */,
				6458D3C320C4DEB3001C6D3D /* Main.storyboard */,
				6458D3C620C4DEB5001C6D3D /* Assets.xcassets */,
				6458D3C820C4DEB5001C6D3D /* LaunchScreen.storyboard */,
				6458D3CB20C4DEB5001C6D3D /* Info.plist */,
				6458D3CC20C4DEB5001C6D3D /* main.m */,
			);
			path = GFunctionalGuidanceView;
			sourceTree = "<group>";
		};
		6458D3EF20C4E15E001C6D3D /* FunctionalGuidanceView */ = {
			isa = PBXGroup;
			children = (
				64B4C93420EB6ADC00A99F31 /* GFunctionalGuidanceView.h */,
				64B4C93520EB6ADC00A99F31 /* GFunctionalGuidanceView.m */,
			);
			path = FunctionalGuidanceView;
			sourceTree = "<group>";
		};
		647A21E120CE785F008EB3AE /* GFunctionalGuidanceViewUITests */ = {
			isa = PBXGroup;
			children = (
				647A21E220CE785F008EB3AE /* GFunctionalGuidanceViewUITests.m */,
				647A21E420CE785F008EB3AE /* Info.plist */,
			);
			path = GFunctionalGuidanceViewUITests;
			sourceTree = "<group>";
		};
/* End PBXGroup section */

/* Begin PBXNativeTarget section */
		6458D3B920C4DEB3001C6D3D /* GFunctionalGuidanceView */ = {
			isa = PBXNativeTarget;
			buildConfigurationList = 6458D3E620C4DEB5001C6D3D /* Build configuration list for PBXNativeTarget "GFunctionalGuidanceView" */;
			buildPhases = (
				6458D3B620C4DEB3001C6D3D /* Sources */,
				6458D3B720C4DEB3001C6D3D /* Frameworks */,
				6458D3B820C4DEB3001C6D3D /* Resources */,
			);
			buildRules = (
			);
			dependencies = (
			);
			name = GFunctionalGuidanceView;
			productName = GFunctionalGuidanceView;
			productReference = 6458D3BA20C4DEB3001C6D3D /* GFunctionalGuidanceView.app */;
			productType = "com.apple.product-type.application";
		};
		647A21DF20CE785F008EB3AE /* GFunctionalGuidanceViewUITests */ = {
			isa = PBXNativeTarget;
			buildConfigurationList = 647A21E720CE785F008EB3AE /* Build configuration list for PBXNativeTarget "GFunctionalGuidanceViewUITests" */;
			buildPhases = (
				647A21DC20CE785F008EB3AE /* Sources */,
				647A21DD20CE785F008EB3AE /* Frameworks */,
				647A21DE20CE785F008EB3AE /* Resources */,
			);
			buildRules = (
			);
			dependencies = (
				647A21E620CE785F008EB3AE /* PBXTargetDependency */,
			);
			name = GFunctionalGuidanceViewUITests;
			productName = GFunctionalGuidanceViewUITests;
			productReference = 647A21E020CE785F008EB3AE /* GFunctionalGuidanceViewUITests.xctest */;
			productType = "com.apple.product-type.bundle.ui-testing";
		};
/* End PBXNativeTarget section */

/* Begin PBXProject section */
		6458D3B220C4DEB3001C6D3D /* Project object */ = {
			isa = PBXProject;
			attributes = {
				LastUpgradeCheck = 0940;
				ORGANIZATIONNAME = Caoguo;
				TargetAttributes = {
					6458D3B920C4DEB3001C6D3D = {
						CreatedOnToolsVersion = 9.4;
					};
					647A21DF20CE785F008EB3AE = {
						CreatedOnToolsVersion = 9.4;
						TestTargetID = 6458D3B920C4DEB3001C6D3D;
					};
				};
			};
			buildConfigurationList = 6458D3B520C4DEB3001C6D3D /* Build configuration list for PBXProject "GFunctionalGuidanceView" */;
			compatibilityVersion = "Xcode 9.3";
			developmentRegion = en;
			hasScannedForEncodings = 0;
			knownRegions = (
				en,
				Base,
			);
			mainGroup = 6458D3B120C4DEB3001C6D3D;
			productRefGroup = 6458D3BB20C4DEB3001C6D3D /* Products */;
			projectDirPath = "";
			projectRoot = "";
			targets = (
				6458D3B920C4DEB3001C6D3D /* GFunctionalGuidanceView */,
				647A21DF20CE785F008EB3AE /* GFunctionalGuidanceViewUITests */,
			);
		};
/* End PBXProject section */

/* Begin PBXResourcesBuildPhase section */
		6458D3B820C4DEB3001C6D3D /* Resources */ = {
			isa = PBXResourcesBuildPhase;
			buildActionMask = 2147483647;
			files = (
				6458D3CA20C4DEB5001C6D3D /* LaunchScreen.storyboard in Resources */,
				6458D3C720C4DEB5001C6D3D /* Assets.xcassets in Resources */,
				6458D3C520C4DEB3001C6D3D /* Main.storyboard in Resources */,
			);
			runOnlyForDeploymentPostprocessing = 0;
		};
		647A21DE20CE785F008EB3AE /* Resources */ = {
			isa = PBXResourcesBuildPhase;
			buildActionMask = 2147483647;
			files = (
			);
			runOnlyForDeploymentPostprocessing = 0;
		};
/* End PBXResourcesBuildPhase section */

/* Begin PBXSourcesBuildPhase section */
		6458D3B620C4DEB3001C6D3D /* Sources */ = {
			isa = PBXSourcesBuildPhase;
			buildActionMask = 2147483647;
			files = (
				6458D3F820C50D74001C6D3D /* NextGuideViewController.m in Sources */,
				6458D3C220C4DEB3001C6D3D /* ViewController.m in Sources */,
				642C494F20C7B777002E4C9F /* GFollowSlideTableViewCell.m in Sources */,
				642C494B20C7B1B7002E4C9F /* GFollowSlideGuideViewController.m in Sources */,
				6458D3CD20C4DEB5001C6D3D /* main.m in Sources */,
				64B4C93620EB6ADC00A99F31 /* GFunctionalGuidanceView.m in Sources */,
				6458D3BF20C4DEB3001C6D3D /* AppDelegate.m in Sources */,
			);
			runOnlyForDeploymentPostprocessing = 0;
		};
		647A21DC20CE785F008EB3AE /* Sources */ = {
			isa = PBXSourcesBuildPhase;
			buildActionMask = 2147483647;
			files = (
				647A21E320CE785F008EB3AE /* GFunctionalGuidanceViewUITests.m in Sources */,
			);
			runOnlyForDeploymentPostprocessing = 0;
		};
/* End PBXSourcesBuildPhase section */

/* Begin PBXTargetDependency section */
		647A21E620CE785F008EB3AE /* PBXTargetDependency */ = {
			isa = PBXTargetDependency;
			target = 6458D3B920C4DEB3001C6D3D /* GFunctionalGuidanceView */;
			targetProxy = 647A21E520CE785F008EB3AE /* PBXContainerItemProxy */;
		};
/* End PBXTargetDependency section */

/* Begin PBXVariantGroup section */
		6458D3C320C4DEB3001C6D3D /* Main.storyboard */ = {
			isa = PBXVariantGroup;
			children = (
				6458D3C420C4DEB3001C6D3D /* Base */,
			);
			name = Main.storyboard;
			sourceTree = "<group>";
		};
		6458D3C820C4DEB5001C6D3D /* LaunchScreen.storyboard */ = {
			isa = PBXVariantGroup;
			children = (
				6458D3C920C4DEB5001C6D3D /* Base */,
			);
			name = LaunchScreen.storyboard;
			sourceTree = "<group>";
		};
/* End PBXVariantGroup section */

/* Begin XCBuildConfiguration section */
		6458D3E420C4DEB5001C6D3D /* Debug */ = {
			isa = XCBuildConfiguration;
			buildSettings = {
				ALWAYS_SEARCH_USER_PATHS = NO;
				CLANG_ANALYZER_NONNULL = YES;
				CLANG_ANALYZER_NUMBER_OBJECT_CONVERSION = YES_AGGRESSIVE;
				CLANG_CXX_LANGUAGE_STANDARD = "gnu++14";
				CLANG_CXX_LIBRARY = "libc++";
				CLANG_ENABLE_MODULES = YES;
				CLANG_ENABLE_OBJC_ARC = YES;
				CLANG_ENABLE_OBJC_WEAK = YES;
				CLANG_WARN_BLOCK_CAPTURE_AUTORELEASING = YES;
				CLANG_WARN_BOOL_CONVERSION = YES;
				CLANG_WARN_COMMA = YES;
				CLANG_WARN_CONSTANT_CONVERSION = YES;
				CLANG_WARN_DEPRECATED_OBJC_IMPLEMENTATIONS = YES;
				CLANG_WARN_DIRECT_OBJC_ISA_USAGE = YES_ERROR;
				CLANG_WARN_DOCUMENTATION_COMMENTS = YES;
				CLANG_WARN_EMPTY_BODY = YES;
				CLANG_WARN_ENUM_CONVERSION = YES;
				CLANG_WARN_INFINITE_RECURSION = YES;
				CLANG_WARN_INT_CONVERSION = YES;
				CLANG_WARN_NON_LITERAL_NULL_CONVERSION = YES;
				CLANG_WARN_OBJC_IMPLICIT_RETAIN_SELF = YES;
				CLANG_WARN_OBJC_LITERAL_CONVERSION = YES;
				CLANG_WARN_OBJC_ROOT_CLASS = YES_ERROR;
				CLANG_WARN_RANGE_LOOP_ANALYSIS = YES;
				CLANG_WARN_STRICT_PROTOTYPES = YES;
				CLANG_WARN_SUSPICIOUS_MOVE = YES;
				CLANG_WARN_UNGUARDED_AVAILABILITY = YES_AGGRESSIVE;
				CLANG_WARN_UNREACHABLE_CODE = YES;
				CLANG_WARN__DUPLICATE_METHOD_MATCH = YES;
				CODE_SIGN_IDENTITY = "iPhone Developer";
				COPY_PHASE_STRIP = NO;
				DEBUG_INFORMATION_FORMAT = dwarf;
				ENABLE_STRICT_OBJC_MSGSEND = YES;
				ENABLE_TESTABILITY = YES;
				GCC_C_LANGUAGE_STANDARD = gnu11;
				GCC_DYNAMIC_NO_PIC = NO;
				GCC_NO_COMMON_BLOCKS = YES;
				GCC_OPTIMIZATION_LEVEL = 0;
				GCC_PREPROCESSOR_DEFINITIONS = (
					"DEBUG=1",
					"$(inherited)",
				);
				GCC_WARN_64_TO_32_BIT_CONVERSION = YES;
				GCC_WARN_ABOUT_RETURN_TYPE = YES_ERROR;
				GCC_WARN_UNDECLARED_SELECTOR = YES;
				GCC_WARN_UNINITIALIZED_AUTOS = YES_AGGRESSIVE;
				GCC_WARN_UNUSED_FUNCTION = YES;
				GCC_WARN_UNUSED_VARIABLE = YES;
				IPHONEOS_DEPLOYMENT_TARGET = 11.4;
				MTL_ENABLE_DEBUG_INFO = YES;
				ONLY_ACTIVE_ARCH = YES;
				SDKROOT = iphoneos;
			};
			name = Debug;
		};
		6458D3E520C4DEB5001C6D3D /* Release */ = {
			isa = XCBuildConfiguration;
			buildSettings = {
				ALWAYS_SEARCH_USER_PATHS = NO;
				CLANG_ANALYZER_NONNULL = YES;
				CLANG_ANALYZER_NUMBER_OBJECT_CONVERSION = YES_AGGRESSIVE;
				CLANG_CXX_LANGUAGE_STANDARD = "gnu++14";
				CLANG_CXX_LIBRARY = "libc++";
				CLANG_ENABLE_MODULES = YES;
				CLANG_ENABLE_OBJC_ARC = YES;
				CLANG_ENABLE_OBJC_WEAK = YES;
				CLANG_WARN_BLOCK_CAPTURE_AUTORELEASING = YES;
				CLANG_WARN_BOOL_CONVERSION = YES;
				CLANG_WARN_COMMA = YES;
				CLANG_WARN_CONSTANT_CONVERSION = YES;
				CLANG_WARN_DEPRECATED_OBJC_IMPLEMENTATIONS = YES;
				CLANG_WARN_DIRECT_OBJC_ISA_USAGE = YES_ERROR;
				CLANG_WARN_DOCUMENTATION_COMMENTS = YES;
				CLANG_WARN_EMPTY_BODY = YES;
				CLANG_WARN_ENUM_CONVERSION = YES;
				CLANG_WARN_INFINITE_RECURSION = YES;
				CLANG_WARN_INT_CONVERSION = YES;
				CLANG_WARN_NON_LITERAL_NULL_CONVERSION = YES;
				CLANG_WARN_OBJC_IMPLICIT_RETAIN_SELF = YES;
				CLANG_WARN_OBJC_LITERAL_CONVERSION = YES;
				CLANG_WARN_OBJC_ROOT_CLASS = YES_ERROR;
				CLANG_WARN_RANGE_LOOP_ANALYSIS = YES;
				CLANG_WARN_STRICT_PROTOTYPES = YES;
				CLANG_WARN_SUSPICIOUS_MOVE = YES;
				CLANG_WARN_UNGUARDED_AVAILABILITY = YES_AGGRESSIVE;
				CLANG_WARN_UNREACHABLE_CODE = YES;
				CLANG_WARN__DUPLICATE_METHOD_MATCH = YES;
				CODE_SIGN_IDENTITY = "iPhone Developer";
				COPY_PHASE_STRIP = NO;
				DEBUG_INFORMATION_FORMAT = "dwarf-with-dsym";
				ENABLE_NS_ASSERTIONS = NO;
				ENABLE_STRICT_OBJC_MSGSEND = YES;
				GCC_C_LANGUAGE_STANDARD = gnu11;
				GCC_NO_COMMON_BLOCKS = YES;
				GCC_WARN_64_TO_32_BIT_CONVERSION = YES;
				GCC_WARN_ABOUT_RETURN_TYPE = YES_ERROR;
				GCC_WARN_UNDECLARED_SELECTOR = YES;
				GCC_WARN_UNINITIALIZED_AUTOS = YES_AGGRESSIVE;
				GCC_WARN_UNUSED_FUNCTION = YES;
				GCC_WARN_UNUSED_VARIABLE = YES;
				IPHONEOS_DEPLOYMENT_TARGET = 11.4;
				MTL_ENABLE_DEBUG_INFO = NO;
				SDKROOT = iphoneos;
				VALIDATE_PRODUCT = YES;
			};
			name = Release;
		};
		6458D3E720C4DEB5001C6D3D /* Debug */ = {
			isa = XCBuildConfiguration;
			buildSettings = {
				ASSETCATALOG_COMPILER_APPICON_NAME = AppIcon;
				CODE_SIGN_STYLE = Automatic;
				DEVELOPMENT_TEAM = 49FUNDNGC6;
				INFOPLIST_FILE = GFunctionalGuidanceView/Info.plist;
				IPHONEOS_DEPLOYMENT_TARGET = 9.0;
				LD_RUNPATH_SEARCH_PATHS = (
					"$(inherited)",
					"@executable_path/Frameworks",
				);
				PRODUCT_BUNDLE_IDENTIFIER = com.wallstreetcn.GFunctionalGuidanceView;
				PRODUCT_NAME = "$(TARGET_NAME)";
				TARGETED_DEVICE_FAMILY = "1,2";
			};
			name = Debug;
		};
		6458D3E820C4DEB5001C6D3D /* Release */ = {
			isa = XCBuildConfiguration;
			buildSettings = {
				ASSETCATALOG_COMPILER_APPICON_NAME = AppIcon;
				CODE_SIGN_STYLE = Automatic;
				DEVELOPMENT_TEAM = 49FUNDNGC6;
				INFOPLIST_FILE = GFunctionalGuidanceView/Info.plist;
				IPHONEOS_DEPLOYMENT_TARGET = 9.0;
				LD_RUNPATH_SEARCH_PATHS = (
					"$(inherited)",
					"@executable_path/Frameworks",
				);
				PRODUCT_BUNDLE_IDENTIFIER = com.wallstreetcn.GFunctionalGuidanceView;
				PRODUCT_NAME = "$(TARGET_NAME)";
				TARGETED_DEVICE_FAMILY = "1,2";
			};
			name = Release;
		};
		647A21E820CE785F008EB3AE /* Debug */ = {
			isa = XCBuildConfiguration;
			buildSettings = {
				CODE_SIGN_STYLE = Automatic;
				DEVELOPMENT_TEAM = FDV8Q23A7X;
				INFOPLIST_FILE = GFunctionalGuidanceViewUITests/Info.plist;
				LD_RUNPATH_SEARCH_PATHS = (
					"$(inherited)",
					"@executable_path/Frameworks",
					"@loader_path/Frameworks",
				);
				PRODUCT_BUNDLE_IDENTIFIER = com.wallstreetcn.GFunctionalGuidanceViewUITests;
				PRODUCT_NAME = "$(TARGET_NAME)";
				TARGETED_DEVICE_FAMILY = "1,2";
				TEST_TARGET_NAME = GFunctionalGuidanceView;
			};
			name = Debug;
		};
		647A21E920CE785F008EB3AE /* Release */ = {
			isa = XCBuildConfiguration;
			buildSettings = {
				CODE_SIGN_STYLE = Automatic;
				DEVELOPMENT_TEAM = FDV8Q23A7X;
				INFOPLIST_FILE = GFunctionalGuidanceViewUITests/Info.plist;
				LD_RUNPATH_SEARCH_PATHS = (
					"$(inherited)",
					"@executable_path/Frameworks",
					"@loader_path/Frameworks",
				);
				PRODUCT_BUNDLE_IDENTIFIER = com.wallstreetcn.GFunctionalGuidanceViewUITests;
				PRODUCT_NAME = "$(TARGET_NAME)";
				TARGETED_DEVICE_FAMILY = "1,2";
				TEST_TARGET_NAME = GFunctionalGuidanceView;
			};
			name = Release;
		};
/* End XCBuildConfiguration section */

/* Begin XCConfigurationList section */
		6458D3B520C4DEB3001C6D3D /* Build configuration list for PBXProject "GFunctionalGuidanceView" */ = {
			isa = XCConfigurationList;
			buildConfigurations = (
				6458D3E420C4DEB5001C6D3D /* Debug */,
				6458D3E520C4DEB5001C6D3D /* Release */,
			);
			defaultConfigurationIsVisible = 0;
			defaultConfigurationName = Release;
		};
		6458D3E620C4DEB5001C6D3D /* Build configuration list for PBXNativeTarget "GFunctionalGuidanceView" */ = {
			isa = XCConfigurationList;
			buildConfigurations = (
				6458D3E720C4DEB5001C6D3D /* Debug */,
				6458D3E820C4DEB5001C6D3D /* Release */,
			);
			defaultConfigurationIsVisible = 0;
			defaultConfigurationName = Release;
		};
		647A21E720CE785F008EB3AE /* Build configuration list for PBXNativeTarget "GFunctionalGuidanceViewUITests" */ = {
			isa = XCConfigurationList;
			buildConfigurations = (
				647A21E820CE785F008EB3AE /* Debug */,
				647A21E920CE785F008EB3AE /* Release */,
			);
			defaultConfigurationIsVisible = 0;
			defaultConfigurationName = Release;
		};
/* End XCConfigurationList section */
	};
	rootObject = 6458D3B220C4DEB3001C6D3D /* Project object */;
}
